{
  "nodes": {
    "home-manager": {
      "inputs": {
        "nixpkgs": [
          "nixpkgs"
        ]
      },
      "locked": {
        "lastModified": 1628717424,
        "narHash": "sha256-s/9mf0dhnM0itctLEIVmQnwNZi0drtqI2WU/NPFEsgY=",
        "owner": "nix-community",
        "repo": "home-manager",
        "rev": "604561ba9ac45ee30385670b18f15731c541287b",
        "type": "github"
      },
      "original": {
        "owner": "nix-community",
        "repo": "home-manager",
        "type": "github"
      }
    },
    "nixpkgs": {
      "locked": {
        "lastModified": 1628696641,
        "narHash": "sha256-4Qb0Rpx8kjnPxNJiw15CmmV9hfiyvzlUzGcOn8bXKXQ=",
        "owner": "nixos",
        "repo": "nixpkgs",
        "rev": "10bb036486138341e4c760c4c98ddadef56fff7b",
        "type": "github"
      },
      "original": {
        "owner": "nixos",
        "ref": "nixpkgs-unstable",
        "repo": "nixpkgs",
        "type": "github"
      }
    },
    "root": {
      "inputs": {
        "home-manager": "home-manager",
        "nixpkgs": "nixpkgs"
      }
    }
  },
  "root": "root",
  "version": 7
}
